
Microsoft Visual Studio Solution File, Format Version 12.00
Project("{FAE04EC0-301F-11D3-BF4B-00C04F79EFBC}") = "Prosigliere.Blog.Tests", "Prosigliere.Blog.Tests\Prosigliere.Blog.Tests.csproj", "{BCD5C4FC-E09E-4E1F-B39B-9F8682E720DF}"
EndProject
Project("{FAE04EC0-301F-11D3-BF4B-00C04F79EFBC}") = "Prosigliere.Blog", "Prosigliere.Blog\Prosigliere.Blog.csproj", "{F44D06EE-E69D-431E-9823-13CD99D51C0B}"
EndProject
Project("{FAE04EC0-301F-11D3-BF4B-00C04F79EFBC}") = "Prosigliere.Blog.Api", "Prosigliere.Blog.Api\Prosigliere.Blog.Api.csproj", "{5803C9C3-A263-4385-A5DE-68A6805EA325}"
EndProject
Project("{FAE04EC0-301F-11D3-BF4B-00C04F79EFBC}") = "Prosigliere.Blog.Fakes", "Prosigliere.Blog.Fakes\Prosigliere.Blog.Fakes.csproj", "{23E331D7-11E4-4493-9415-9E101B28DB1F}"
EndProject
Global
	GlobalSection(SolutionConfigurationPlatforms) = preSolution
		Debug|Any CPU = Debug|Any CPU
		Release|Any CPU = Release|Any CPU
	EndGlobalSection
	GlobalSection(ProjectConfigurationPlatforms) = postSolution
		{BCD5C4FC-E09E-4E1F-B39B-9F8682E720DF}.Debug|Any CPU.ActiveCfg = Debug|Any CPU
		{BCD5C4FC-E09E-4E1F-B39B-9F8682E720DF}.Debug|Any CPU.Build.0 = Debug|Any CPU
		{BCD5C4FC-E09E-4E1F-B39B-9F8682E720DF}.Release|Any CPU.ActiveCfg = Release|Any CPU
		{BCD5C4FC-E09E-4E1F-B39B-9F8682E720DF}.Release|Any CPU.Build.0 = Release|Any CPU
		{F44D06EE-E69D-431E-9823-13CD99D51C0B}.Debug|Any CPU.ActiveCfg = Debug|Any CPU
		{F44D06EE-E69D-431E-9823-13CD99D51C0B}.Debug|Any CPU.Build.0 = Debug|Any CPU
		{F44D06EE-E69D-431E-9823-13CD99D51C0B}.Release|Any CPU.ActiveCfg = Release|Any CPU
		{F44D06EE-E69D-431E-9823-13CD99D51C0B}.Release|Any CPU.Build.0 = Release|Any CPU
		{5803C9C3-A263-4385-A5DE-68A6805EA325}.Debug|Any CPU.ActiveCfg = Debug|Any CPU
		{5803C9C3-A263-4385-A5DE-68A6805EA325}.Debug|Any CPU.Build.0 = Debug|Any CPU
		{5803C9C3-A263-4385-A5DE-68A6805EA325}.Release|Any CPU.ActiveCfg = Release|Any CPU
		{5803C9C3-A263-4385-A5DE-68A6805EA325}.Release|Any CPU.Build.0 = Release|Any CPU
		{23E331D7-11E4-4493-9415-9E101B28DB1F}.Debug|Any CPU.ActiveCfg = Debug|Any CPU
		{23E331D7-11E4-4493-9415-9E101B28DB1F}.Debug|Any CPU.Build.0 = Debug|Any CPU
		{23E331D7-11E4-4493-9415-9E101B28DB1F}.Release|Any CPU.ActiveCfg = Release|Any CPU
		{23E331D7-11E4-4493-9415-9E101B28DB1F}.Release|Any CPU.Build.0 = Release|Any CPU
	EndGlobalSection
EndGlobal
